
Microsoft Visual Studio Solution File, Format Version 12.00
# Visual Studio Version 17
VisualStudioVersion = 17.1.32407.343
MinimumVisualStudioVersion = 10.0.40219.1
Project("{9A19103F-16F7-4668-BE54-9A1E7A4F7556}") = "DomainLogic", "DomainLogic\DomainLogic.csproj", "{FB331C94-08DE-4A8E-921A-CD47DA02F556}"
EndProject
Project("{9A19103F-16F7-4668-BE54-9A1E7A4F7556}") = "WebApp", "WebApp\WebApp.csproj", "{9CC29E45-45D6-413B-B0B5-8C663A02BC51}"
EndProject
Global
	GlobalSection(SolutionConfigurationPlatforms) = preSolution
		Debug|Any CPU = Debug|Any CPU
		Release|Any CPU = Release|Any CPU
	EndGlobalSection
	GlobalSection(ProjectConfigurationPlatforms) = postSolution
		{FB331C94-08DE-4A8E-921A-CD47DA02F556}.Debug|Any CPU.ActiveCfg = Debug|Any CPU
		{FB331C94-08DE-4A8E-921A-CD47DA02F556}.Debug|Any CPU.Build.0 = Debug|Any CPU
		{FB331C94-08DE-4A8E-921A-CD47DA02F556}.Release|Any CPU.ActiveCfg = Release|Any CPU
		{FB331C94-08DE-4A8E-921A-CD47DA02F556}.Release|Any CPU.Build.0 = Release|Any CPU
		{9CC29E45-45D6-413B-B0B5-8C663A02BC51}.Debug|Any CPU.ActiveCfg = Debug|Any CPU
		{9CC29E45-45D6-413B-B0B5-8C663A02BC51}.Debug|Any CPU.Build.0 = Debug|Any CPU
		{9CC29E45-45D6-413B-B0B5-8C663A02BC51}.Release|Any CPU.ActiveCfg = Release|Any CPU
		{9CC29E45-45D6-413B-B0B5-8C663A02BC51}.Release|Any CPU.Build.0 = Release|Any CPU
	EndGlobalSection
	GlobalSection(SolutionProperties) = preSolution
		HideSolutionNode = FALSE
	EndGlobalSection
	GlobalSection(ExtensibilityGlobals) = postSolution
		SolutionGuid = {A4166870-93F7-43F7-8241-DA4F35DEA216}
	EndGlobalSection
EndGlobal
